
Microsoft Visual Studio Solution File, Format Version 12.00
# Visual Studio Version 16
VisualStudioVersion = 16.0.30002.166
MinimumVisualStudioVersion = 10.0.40219.1
Project("{FAE04EC0-301F-11D3-BF4B-00C04F79EFBC}") = "P01RecursiveArraySum", "P01RecursiveArraySum\P01RecursiveArraySum.csproj", "{B71AAD4D-D52A-4F08-8D11-27378BE79903}"
EndProject
Project("{FAE04EC0-301F-11D3-BF4B-00C04F79EFBC}") = "P02RecursiveFactorial", "P02RecursiveFactorial\P02RecursiveFactorial.csproj", "{A37FD5FA-2930-4DA2-9095-9C5EC2378225}"
EndProject
Project("{FAE04EC0-301F-11D3-BF4B-00C04F79EFBC}") = "P03RecursiveDrawing", "P03RecursiveDrawing\P03RecursiveDrawing.csproj", "{1360425D-41CD-4197-ACA8-0CAA5ECE656F}"
EndProject
Project("{FAE04EC0-301F-11D3-BF4B-00C04F79EFBC}") = "P04Generating01Vectors", "P04Generating01Vectors\P04Generating01Vectors.csproj", "{84382631-2392-4982-BFFC-CD512992904F}"
EndProject
Project("{FAE04EC0-301F-11D3-BF4B-00C04F79EFBC}") = "P05GeneratingCombinations", "P05GeneratingCombinations\P05GeneratingCombinations.csproj", "{C1E025FA-A8A2-4A66-B530-D14A4C18D900}"
EndProject
Project("{FAE04EC0-301F-11D3-BF4B-00C04F79EFBC}") = "P06.8QueensPuzzle", "P06.8QueensPuzzle\P06.8QueensPuzzle.csproj", "{953699B8-6B4E-4FAA-916B-32AFB42BC22B}"
EndProject
Project("{FAE04EC0-301F-11D3-BF4B-00C04F79EFBC}") = "P07PathsInLabyrinth", "P07PathsInLabyrinth\P07PathsInLabyrinth.csproj", "{F002BE34-2472-4F65-BCBF-A8F7FBDCCAA6}"
EndProject
Global
	GlobalSection(SolutionConfigurationPlatforms) = preSolution
		Debug|Any CPU = Debug|Any CPU
		Release|Any CPU = Release|Any CPU
	EndGlobalSection
	GlobalSection(ProjectConfigurationPlatforms) = postSolution
		{B71AAD4D-D52A-4F08-8D11-27378BE79903}.Debug|Any CPU.ActiveCfg = Debug|Any CPU
		{B71AAD4D-D52A-4F08-8D11-27378BE79903}.Debug|Any CPU.Build.0 = Debug|Any CPU
		{B71AAD4D-D52A-4F08-8D11-27378BE79903}.Release|Any CPU.ActiveCfg = Release|Any CPU
		{B71AAD4D-D52A-4F08-8D11-27378BE79903}.Release|Any CPU.Build.0 = Release|Any CPU
		{A37FD5FA-2930-4DA2-9095-9C5EC2378225}.Debug|Any CPU.ActiveCfg = Debug|Any CPU
		{A37FD5FA-2930-4DA2-9095-9C5EC2378225}.Debug|Any CPU.Build.0 = Debug|Any CPU
		{A37FD5FA-2930-4DA2-9095-9C5EC2378225}.Release|Any CPU.ActiveCfg = Release|Any CPU
		{A37FD5FA-2930-4DA2-9095-9C5EC2378225}.Release|Any CPU.Build.0 = Release|Any CPU
		{1360425D-41CD-4197-ACA8-0CAA5ECE656F}.Debug|Any CPU.ActiveCfg = Debug|Any CPU
		{1360425D-41CD-4197-ACA8-0CAA5ECE656F}.Debug|Any CPU.Build.0 = Debug|Any CPU
		{1360425D-41CD-4197-ACA8-0CAA5ECE656F}.Release|Any CPU.ActiveCfg = Release|Any CPU
		{1360425D-41CD-4197-ACA8-0CAA5ECE656F}.Release|Any CPU.Build.0 = Release|Any CPU
		{84382631-2392-4982-BFFC-CD512992904F}.Debug|Any CPU.ActiveCfg = Debug|Any CPU
		{84382631-2392-4982-BFFC-CD512992904F}.Debug|Any CPU.Build.0 = Debug|Any CPU
		{84382631-2392-4982-BFFC-CD512992904F}.Release|Any CPU.ActiveCfg = Release|Any CPU
		{84382631-2392-4982-BFFC-CD512992904F}.Release|Any CPU.Build.0 = Release|Any CPU
		{C1E025FA-A8A2-4A66-B530-D14A4C18D900}.Debug|Any CPU.ActiveCfg = Debug|Any CPU
		{C1E025FA-A8A2-4A66-B530-D14A4C18D900}.Debug|Any CPU.Build.0 = Debug|Any CPU
		{C1E025FA-A8A2-4A66-B530-D14A4C18D900}.Release|Any CPU.ActiveCfg = Release|Any CPU
		{C1E025FA-A8A2-4A66-B530-D14A4C18D900}.Release|Any CPU.Build.0 = Release|Any CPU
		{953699B8-6B4E-4FAA-916B-32AFB42BC22B}.Debug|Any CPU.ActiveCfg = Debug|Any CPU
		{953699B8-6B4E-4FAA-916B-32AFB42BC22B}.Debug|Any CPU.Build.0 = Debug|Any CPU
		{953699B8-6B4E-4FAA-916B-32AFB42BC22B}.Release|Any CPU.ActiveCfg = Release|Any CPU
		{953699B8-6B4E-4FAA-916B-32AFB42BC22B}.Release|Any CPU.Build.0 = Release|Any CPU
		{F002BE34-2472-4F65-BCBF-A8F7FBDCCAA6}.Debug|Any CPU.ActiveCfg = Debug|Any CPU
		{F002BE34-2472-4F65-BCBF-A8F7FBDCCAA6}.Debug|Any CPU.Build.0 = Debug|Any CPU
		{F002BE34-2472-4F65-BCBF-A8F7FBDCCAA6}.Release|Any CPU.ActiveCfg = Release|Any CPU
		{F002BE34-2472-4F65-BCBF-A8F7FBDCCAA6}.Release|Any CPU.Build.0 = Release|Any CPU
	EndGlobalSection
	GlobalSection(SolutionProperties) = preSolution
		HideSolutionNode = FALSE
	EndGlobalSection
	GlobalSection(ExtensibilityGlobals) = postSolution
		SolutionGuid = {21FBF613-AFA4-4E3E-8B07-0DF1B1474FE0}
	EndGlobalSection
EndGlobal
