
Microsoft Visual Studio Solution File, Format Version 12.00
# Visual Studio Version 16
VisualStudioVersion = 16.0.29009.5
MinimumVisualStudioVersion = 10.0.40219.1
Project("{9A19103F-16F7-4668-BE54-9A1E7A4F7556}") = "P01Library", "P01Library\P01Library.csproj", "{62B7AA39-A2F9-4CC0-81C3-6A3BACD06A5B}"
EndProject
Project("{FAE04EC0-301F-11D3-BF4B-00C04F79EFBC}") = "P02LibraryIterator", "P02LibraryIterator\P02LibraryIterator.csproj", "{D645F453-6CEB-4A5F-9B03-730C87826EF2}"
EndProject
Project("{FAE04EC0-301F-11D3-BF4B-00C04F79EFBC}") = "P03ComparableBook", "P03ComparableBook\P03ComparableBook.csproj", "{3FE469E1-23EB-4546-B6CE-95A340484400}"
EndProject
Project("{FAE04EC0-301F-11D3-BF4B-00C04F79EFBC}") = "P04BookComparator", "P04BookComparator\P04BookComparator.csproj", "{E7AB64B0-DAFA-43C3-B741-6B49D2D8C8A4}"
EndProject
Global
	GlobalSection(SolutionConfigurationPlatforms) = preSolution
		Debug|Any CPU = Debug|Any CPU
		Release|Any CPU = Release|Any CPU
	EndGlobalSection
	GlobalSection(ProjectConfigurationPlatforms) = postSolution
		{62B7AA39-A2F9-4CC0-81C3-6A3BACD06A5B}.Debug|Any CPU.ActiveCfg = Debug|Any CPU
		{62B7AA39-A2F9-4CC0-81C3-6A3BACD06A5B}.Debug|Any CPU.Build.0 = Debug|Any CPU
		{62B7AA39-A2F9-4CC0-81C3-6A3BACD06A5B}.Release|Any CPU.ActiveCfg = Release|Any CPU
		{62B7AA39-A2F9-4CC0-81C3-6A3BACD06A5B}.Release|Any CPU.Build.0 = Release|Any CPU
		{D645F453-6CEB-4A5F-9B03-730C87826EF2}.Debug|Any CPU.ActiveCfg = Debug|Any CPU
		{D645F453-6CEB-4A5F-9B03-730C87826EF2}.Debug|Any CPU.Build.0 = Debug|Any CPU
		{D645F453-6CEB-4A5F-9B03-730C87826EF2}.Release|Any CPU.ActiveCfg = Release|Any CPU
		{D645F453-6CEB-4A5F-9B03-730C87826EF2}.Release|Any CPU.Build.0 = Release|Any CPU
		{3FE469E1-23EB-4546-B6CE-95A340484400}.Debug|Any CPU.ActiveCfg = Debug|Any CPU
		{3FE469E1-23EB-4546-B6CE-95A340484400}.Debug|Any CPU.Build.0 = Debug|Any CPU
		{3FE469E1-23EB-4546-B6CE-95A340484400}.Release|Any CPU.ActiveCfg = Release|Any CPU
		{3FE469E1-23EB-4546-B6CE-95A340484400}.Release|Any CPU.Build.0 = Release|Any CPU
		{E7AB64B0-DAFA-43C3-B741-6B49D2D8C8A4}.Debug|Any CPU.ActiveCfg = Debug|Any CPU
		{E7AB64B0-DAFA-43C3-B741-6B49D2D8C8A4}.Debug|Any CPU.Build.0 = Debug|Any CPU
		{E7AB64B0-DAFA-43C3-B741-6B49D2D8C8A4}.Release|Any CPU.ActiveCfg = Release|Any CPU
		{E7AB64B0-DAFA-43C3-B741-6B49D2D8C8A4}.Release|Any CPU.Build.0 = Release|Any CPU
	EndGlobalSection
	GlobalSection(SolutionProperties) = preSolution
		HideSolutionNode = FALSE
	EndGlobalSection
	GlobalSection(ExtensibilityGlobals) = postSolution
		SolutionGuid = {0C2D9235-0CCB-4EFB-A496-9CB1CE59B794}
	EndGlobalSection
EndGlobal
