
Microsoft Visual Studio Solution File, Format Version 12.00
# Visual Studio Version 16
VisualStudioVersion = 16.0.29613.14
MinimumVisualStudioVersion = 10.0.40219.1
Project("{FAE04EC0-301F-11D3-BF4B-00C04F79EFBC}") = "INStock", "INStock.csproj", "{32141ABE-5F92-467E-A490-A68153812791}"
EndProject
Global
	GlobalSection(SolutionConfigurationPlatforms) = preSolution
		Debug|Any CPU = Debug|Any CPU
		Release|Any CPU = Release|Any CPU
	EndGlobalSection
	GlobalSection(ProjectConfigurationPlatforms) = postSolution
		{32141ABE-5F92-467E-A490-A68153812791}.Debug|Any CPU.ActiveCfg = Debug|Any CPU
		{32141ABE-5F92-467E-A490-A68153812791}.Debug|Any CPU.Build.0 = Debug|Any CPU
		{32141ABE-5F92-467E-A490-A68153812791}.Release|Any CPU.ActiveCfg = Release|Any CPU
		{32141ABE-5F92-467E-A490-A68153812791}.Release|Any CPU.Build.0 = Release|Any CPU
	EndGlobalSection
	GlobalSection(SolutionProperties) = preSolution
		HideSolutionNode = FALSE
	EndGlobalSection
	GlobalSection(ExtensibilityGlobals) = postSolution
		SolutionGuid = {76719822-4603-4BD4-B928-72AAAA1DFAA7}
	EndGlobalSection
EndGlobal
