
Microsoft Visual Studio Solution File, Format Version 12.00
# Visual Studio Version 16
VisualStudioVersion = 16.0.30011.22
MinimumVisualStudioVersion = 10.0.40219.1
Project("{FAE04EC0-301F-11D3-BF4B-00C04F79EFBC}") = "P01ShortestPathInMatrix", "P01ShortestPathInMatrix\P01ShortestPathInMatrix.csproj", "{1866C373-0469-4BBD-B5A9-83A7CCAD1FCF}"
EndProject
Project("{FAE04EC0-301F-11D3-BF4B-00C04F79EFBC}") = "P02RectangleIntersection", "P02RectangleIntersection\P02RectangleIntersection.csproj", "{DDBF3DA4-FB84-4CFC-89C4-7A79CD514AD7}"
EndProject
Global
	GlobalSection(SolutionConfigurationPlatforms) = preSolution
		Debug|Any CPU = Debug|Any CPU
		Release|Any CPU = Release|Any CPU
	EndGlobalSection
	GlobalSection(ProjectConfigurationPlatforms) = postSolution
		{1866C373-0469-4BBD-B5A9-83A7CCAD1FCF}.Debug|Any CPU.ActiveCfg = Debug|Any CPU
		{1866C373-0469-4BBD-B5A9-83A7CCAD1FCF}.Debug|Any CPU.Build.0 = Debug|Any CPU
		{1866C373-0469-4BBD-B5A9-83A7CCAD1FCF}.Release|Any CPU.ActiveCfg = Release|Any CPU
		{1866C373-0469-4BBD-B5A9-83A7CCAD1FCF}.Release|Any CPU.Build.0 = Release|Any CPU
		{DDBF3DA4-FB84-4CFC-89C4-7A79CD514AD7}.Debug|Any CPU.ActiveCfg = Debug|Any CPU
		{DDBF3DA4-FB84-4CFC-89C4-7A79CD514AD7}.Debug|Any CPU.Build.0 = Debug|Any CPU
		{DDBF3DA4-FB84-4CFC-89C4-7A79CD514AD7}.Release|Any CPU.ActiveCfg = Release|Any CPU
		{DDBF3DA4-FB84-4CFC-89C4-7A79CD514AD7}.Release|Any CPU.Build.0 = Release|Any CPU
	EndGlobalSection
	GlobalSection(SolutionProperties) = preSolution
		HideSolutionNode = FALSE
	EndGlobalSection
	GlobalSection(ExtensibilityGlobals) = postSolution
		SolutionGuid = {3F154B92-78DE-42FD-B9D0-B2D844909EEB}
	EndGlobalSection
EndGlobal
