
Microsoft Visual Studio Solution File, Format Version 12.00
# Visual Studio Version 16
VisualStudioVersion = 16.0.29025.244
MinimumVisualStudioVersion = 10.0.40219.1
Project("{9A19103F-16F7-4668-BE54-9A1E7A4F7556}") = "P01ClassBoxData", "P01ClassBoxData\P01ClassBoxData.csproj", "{F02B36D0-F34A-45AA-8241-A59338A1098E}"
EndProject
Project("{9A19103F-16F7-4668-BE54-9A1E7A4F7556}") = "P03ShoppingSpree", "P03ShoppingSpree\P03ShoppingSpree.csproj", "{58DA596A-6865-4E0A-B0D2-DE72FEE2EF5E}"
EndProject
Project("{9A19103F-16F7-4668-BE54-9A1E7A4F7556}") = "P05FootballTeamGenerator", "P05FootballTeamGenerator\P05FootballTeamGenerator.csproj", "{503114AA-13E0-4943-935A-33A8CAB5AD4C}"
EndProject
Project("{FAE04EC0-301F-11D3-BF4B-00C04F79EFBC}") = "P04PizzaCalories", "P04PizzaCalories\P04PizzaCalories.csproj", "{67E0DA58-CB83-41D6-A827-F074158D3F88}"
EndProject
Global
	GlobalSection(SolutionConfigurationPlatforms) = preSolution
		Debug|Any CPU = Debug|Any CPU
		Release|Any CPU = Release|Any CPU
	EndGlobalSection
	GlobalSection(ProjectConfigurationPlatforms) = postSolution
		{F02B36D0-F34A-45AA-8241-A59338A1098E}.Debug|Any CPU.ActiveCfg = Debug|Any CPU
		{F02B36D0-F34A-45AA-8241-A59338A1098E}.Debug|Any CPU.Build.0 = Debug|Any CPU
		{F02B36D0-F34A-45AA-8241-A59338A1098E}.Release|Any CPU.ActiveCfg = Release|Any CPU
		{F02B36D0-F34A-45AA-8241-A59338A1098E}.Release|Any CPU.Build.0 = Release|Any CPU
		{58DA596A-6865-4E0A-B0D2-DE72FEE2EF5E}.Debug|Any CPU.ActiveCfg = Debug|Any CPU
		{58DA596A-6865-4E0A-B0D2-DE72FEE2EF5E}.Debug|Any CPU.Build.0 = Debug|Any CPU
		{58DA596A-6865-4E0A-B0D2-DE72FEE2EF5E}.Release|Any CPU.ActiveCfg = Release|Any CPU
		{58DA596A-6865-4E0A-B0D2-DE72FEE2EF5E}.Release|Any CPU.Build.0 = Release|Any CPU
		{503114AA-13E0-4943-935A-33A8CAB5AD4C}.Debug|Any CPU.ActiveCfg = Debug|Any CPU
		{503114AA-13E0-4943-935A-33A8CAB5AD4C}.Debug|Any CPU.Build.0 = Debug|Any CPU
		{503114AA-13E0-4943-935A-33A8CAB5AD4C}.Release|Any CPU.ActiveCfg = Release|Any CPU
		{503114AA-13E0-4943-935A-33A8CAB5AD4C}.Release|Any CPU.Build.0 = Release|Any CPU
		{67E0DA58-CB83-41D6-A827-F074158D3F88}.Debug|Any CPU.ActiveCfg = Debug|Any CPU
		{67E0DA58-CB83-41D6-A827-F074158D3F88}.Debug|Any CPU.Build.0 = Debug|Any CPU
		{67E0DA58-CB83-41D6-A827-F074158D3F88}.Release|Any CPU.ActiveCfg = Release|Any CPU
		{67E0DA58-CB83-41D6-A827-F074158D3F88}.Release|Any CPU.Build.0 = Release|Any CPU
	EndGlobalSection
	GlobalSection(SolutionProperties) = preSolution
		HideSolutionNode = FALSE
	EndGlobalSection
	GlobalSection(ExtensibilityGlobals) = postSolution
		SolutionGuid = {9A4710DA-2BF5-43E1-AF56-99E472FD9A65}
	EndGlobalSection
EndGlobal
