
Microsoft Visual Studio Solution File, Format Version 12.00
# Visual Studio Version 16
VisualStudioVersion = 16.0.30104.148
MinimumVisualStudioVersion = 10.0.40219.1
Project("{FAE04EC0-301F-11D3-BF4B-00C04F79EFBC}") = "P01Zerg", "P01Zerg\P01Zerg.csproj", "{3DEC99E9-1D69-4409-B09A-7B0210A152A5}"
EndProject
Project("{FAE04EC0-301F-11D3-BF4B-00C04F79EFBC}") = "P02Protoss", "P02Protoss\P02Protoss.csproj", "{9AE79479-7EF1-4719-B1DD-356D780CC72E}"
EndProject
Project("{FAE04EC0-301F-11D3-BF4B-00C04F79EFBC}") = "P03Terran", "P03Terran\P03Terran.csproj", "{73262F64-7FA5-4856-92E4-7C5C1A336007}"
EndProject
Project("{FAE04EC0-301F-11D3-BF4B-00C04F79EFBC}") = "P04XelNaga", "P04XelNaga\P04XelNaga.csproj", "{178E4AB2-AA88-4FFC-9187-94817A14183A}"
EndProject
Global
	GlobalSection(SolutionConfigurationPlatforms) = preSolution
		Debug|Any CPU = Debug|Any CPU
		Release|Any CPU = Release|Any CPU
	EndGlobalSection
	GlobalSection(ProjectConfigurationPlatforms) = postSolution
		{3DEC99E9-1D69-4409-B09A-7B0210A152A5}.Debug|Any CPU.ActiveCfg = Debug|Any CPU
		{3DEC99E9-1D69-4409-B09A-7B0210A152A5}.Debug|Any CPU.Build.0 = Debug|Any CPU
		{3DEC99E9-1D69-4409-B09A-7B0210A152A5}.Release|Any CPU.ActiveCfg = Release|Any CPU
		{3DEC99E9-1D69-4409-B09A-7B0210A152A5}.Release|Any CPU.Build.0 = Release|Any CPU
		{9AE79479-7EF1-4719-B1DD-356D780CC72E}.Debug|Any CPU.ActiveCfg = Debug|Any CPU
		{9AE79479-7EF1-4719-B1DD-356D780CC72E}.Debug|Any CPU.Build.0 = Debug|Any CPU
		{9AE79479-7EF1-4719-B1DD-356D780CC72E}.Release|Any CPU.ActiveCfg = Release|Any CPU
		{9AE79479-7EF1-4719-B1DD-356D780CC72E}.Release|Any CPU.Build.0 = Release|Any CPU
		{73262F64-7FA5-4856-92E4-7C5C1A336007}.Debug|Any CPU.ActiveCfg = Debug|Any CPU
		{73262F64-7FA5-4856-92E4-7C5C1A336007}.Debug|Any CPU.Build.0 = Debug|Any CPU
		{73262F64-7FA5-4856-92E4-7C5C1A336007}.Release|Any CPU.ActiveCfg = Release|Any CPU
		{73262F64-7FA5-4856-92E4-7C5C1A336007}.Release|Any CPU.Build.0 = Release|Any CPU
		{178E4AB2-AA88-4FFC-9187-94817A14183A}.Debug|Any CPU.ActiveCfg = Debug|Any CPU
		{178E4AB2-AA88-4FFC-9187-94817A14183A}.Debug|Any CPU.Build.0 = Debug|Any CPU
		{178E4AB2-AA88-4FFC-9187-94817A14183A}.Release|Any CPU.ActiveCfg = Release|Any CPU
		{178E4AB2-AA88-4FFC-9187-94817A14183A}.Release|Any CPU.Build.0 = Release|Any CPU
	EndGlobalSection
	GlobalSection(SolutionProperties) = preSolution
		HideSolutionNode = FALSE
	EndGlobalSection
	GlobalSection(ExtensibilityGlobals) = postSolution
		SolutionGuid = {9D338C58-6798-4187-90C1-5A025BDA747D}
	EndGlobalSection
EndGlobal
