
Microsoft Visual Studio Solution File, Format Version 12.00
# Visual Studio 15
VisualStudioVersion = 15.0.28010.2041
MinimumVisualStudioVersion = 10.0.40219.1
Project("{FAE04EC0-301F-11D3-BF4B-00C04F79EFBC}") = "P01PartyProfit", "P01PartyProfit\P01PartyProfit.csproj", "{68EF7CA7-4745-4D05-8B3D-0D1D8AD6CDD1}"
EndProject
Project("{FAE04EC0-301F-11D3-BF4B-00C04F79EFBC}") = "P02DungeonestDark", "P02DungeonestDark\P02DungeonestDark.csproj", "{C1082848-E2DA-4614-9FCC-883B1A4335EB}"
EndProject
Project("{FAE04EC0-301F-11D3-BF4B-00C04F79EFBC}") = "P03QuestJournal", "P03QuestJournal\P03QuestJournal.csproj", "{6FDC9B5A-760A-4684-B7D2-7847F0E4D0DF}"
EndProject
Global
	GlobalSection(SolutionConfigurationPlatforms) = preSolution
		Debug|Any CPU = Debug|Any CPU
		Release|Any CPU = Release|Any CPU
	EndGlobalSection
	GlobalSection(ProjectConfigurationPlatforms) = postSolution
		{68EF7CA7-4745-4D05-8B3D-0D1D8AD6CDD1}.Debug|Any CPU.ActiveCfg = Debug|Any CPU
		{68EF7CA7-4745-4D05-8B3D-0D1D8AD6CDD1}.Debug|Any CPU.Build.0 = Debug|Any CPU
		{68EF7CA7-4745-4D05-8B3D-0D1D8AD6CDD1}.Release|Any CPU.ActiveCfg = Release|Any CPU
		{68EF7CA7-4745-4D05-8B3D-0D1D8AD6CDD1}.Release|Any CPU.Build.0 = Release|Any CPU
		{C1082848-E2DA-4614-9FCC-883B1A4335EB}.Debug|Any CPU.ActiveCfg = Debug|Any CPU
		{C1082848-E2DA-4614-9FCC-883B1A4335EB}.Debug|Any CPU.Build.0 = Debug|Any CPU
		{C1082848-E2DA-4614-9FCC-883B1A4335EB}.Release|Any CPU.ActiveCfg = Release|Any CPU
		{C1082848-E2DA-4614-9FCC-883B1A4335EB}.Release|Any CPU.Build.0 = Release|Any CPU
		{6FDC9B5A-760A-4684-B7D2-7847F0E4D0DF}.Debug|Any CPU.ActiveCfg = Debug|Any CPU
		{6FDC9B5A-760A-4684-B7D2-7847F0E4D0DF}.Debug|Any CPU.Build.0 = Debug|Any CPU
		{6FDC9B5A-760A-4684-B7D2-7847F0E4D0DF}.Release|Any CPU.ActiveCfg = Release|Any CPU
		{6FDC9B5A-760A-4684-B7D2-7847F0E4D0DF}.Release|Any CPU.Build.0 = Release|Any CPU
	EndGlobalSection
	GlobalSection(SolutionProperties) = preSolution
		HideSolutionNode = FALSE
	EndGlobalSection
	GlobalSection(ExtensibilityGlobals) = postSolution
		SolutionGuid = {83B496E0-723F-44DC-9561-5DB27C7D155A}
	EndGlobalSection
EndGlobal
