
Microsoft Visual Studio Solution File, Format Version 12.00
# Visual Studio Version 16
VisualStudioVersion = 16.0.29009.5
MinimumVisualStudioVersion = 10.0.40219.1
Project("{9A19103F-16F7-4668-BE54-9A1E7A4F7556}") = "Heroes", "Heroes.csproj", "{2E199C93-F45D-4808-996E-B5F45CF32114}"
EndProject
Global
	GlobalSection(SolutionConfigurationPlatforms) = preSolution
		Debug|Any CPU = Debug|Any CPU
		Release|Any CPU = Release|Any CPU
	EndGlobalSection
	GlobalSection(ProjectConfigurationPlatforms) = postSolution
		{2E199C93-F45D-4808-996E-B5F45CF32114}.Debug|Any CPU.ActiveCfg = Debug|Any CPU
		{2E199C93-F45D-4808-996E-B5F45CF32114}.Debug|Any CPU.Build.0 = Debug|Any CPU
		{2E199C93-F45D-4808-996E-B5F45CF32114}.Release|Any CPU.ActiveCfg = Release|Any CPU
		{2E199C93-F45D-4808-996E-B5F45CF32114}.Release|Any CPU.Build.0 = Release|Any CPU
	EndGlobalSection
	GlobalSection(SolutionProperties) = preSolution
		HideSolutionNode = FALSE
	EndGlobalSection
	GlobalSection(ExtensibilityGlobals) = postSolution
		SolutionGuid = {6AB317BC-7430-42EE-9E3B-6F60B74B1BF7}
	EndGlobalSection
EndGlobal
