
Microsoft Visual Studio Solution File, Format Version 12.00
# Visual Studio 15
VisualStudioVersion = 15.0.27703.2042
MinimumVisualStudioVersion = 10.0.40219.1
Project("{FAE04EC0-301F-11D3-BF4B-00C04F79EFBC}") = "alienShooter", "alienShooter\alienShooter.csproj", "{8ABB6AE1-D90E-477C-BB0E-4657BC5E0D7E}"
EndProject
Global
	GlobalSection(SolutionConfigurationPlatforms) = preSolution
		Debug|Any CPU = Debug|Any CPU
		Release|Any CPU = Release|Any CPU
	EndGlobalSection
	GlobalSection(ProjectConfigurationPlatforms) = postSolution
		{8ABB6AE1-D90E-477C-BB0E-4657BC5E0D7E}.Debug|Any CPU.ActiveCfg = Debug|Any CPU
		{8ABB6AE1-D90E-477C-BB0E-4657BC5E0D7E}.Debug|Any CPU.Build.0 = Debug|Any CPU
		{8ABB6AE1-D90E-477C-BB0E-4657BC5E0D7E}.Release|Any CPU.ActiveCfg = Release|Any CPU
		{8ABB6AE1-D90E-477C-BB0E-4657BC5E0D7E}.Release|Any CPU.Build.0 = Release|Any CPU
	EndGlobalSection
	GlobalSection(SolutionProperties) = preSolution
		HideSolutionNode = FALSE
	EndGlobalSection
	GlobalSection(ExtensibilityGlobals) = postSolution
		SolutionGuid = {36DAE70D-DDA0-4FDA-99E9-DCF08E75F542}
	EndGlobalSection
EndGlobal
