
Microsoft Visual Studio Solution File, Format Version 12.00
# Visual Studio Version 16
VisualStudioVersion = 16.0.29025.244
MinimumVisualStudioVersion = 10.0.40219.1
Project("{FAE04EC0-301F-11D3-BF4B-00C04F79EFBC}") = "P01SingleInheritance", "P01SingleInheritance\P01SingleInheritance.csproj", "{67AD3E53-CFF1-4148-9102-99ED288F840A}"
EndProject
Project("{FAE04EC0-301F-11D3-BF4B-00C04F79EFBC}") = "P02MultipleInheritance", "P02MultipleInheritance\P02MultipleInheritance.csproj", "{2B01EA9D-9515-4BEF-80BE-77F04303D7C2}"
EndProject
Project("{FAE04EC0-301F-11D3-BF4B-00C04F79EFBC}") = "P03HierarchicalInheritance", "P03HierarchicalInheritance\P03HierarchicalInheritance.csproj", "{C0CD9C31-C532-47E9-BE06-4C732D312C55}"
EndProject
Project("{FAE04EC0-301F-11D3-BF4B-00C04F79EFBC}") = "P04RandomList", "P04RandomList\P04RandomList.csproj", "{BA3268B5-1561-4574-A407-903B05F5CA23}"
EndProject
Project("{FAE04EC0-301F-11D3-BF4B-00C04F79EFBC}") = "P05StackOfStrings", "P05StackOfStrings\P05StackOfStrings.csproj", "{0D188ECE-E338-4A4D-B1BB-D614599567AE}"
EndProject
Global
	GlobalSection(SolutionConfigurationPlatforms) = preSolution
		Debug|Any CPU = Debug|Any CPU
		Release|Any CPU = Release|Any CPU
	EndGlobalSection
	GlobalSection(ProjectConfigurationPlatforms) = postSolution
		{67AD3E53-CFF1-4148-9102-99ED288F840A}.Debug|Any CPU.ActiveCfg = Debug|Any CPU
		{67AD3E53-CFF1-4148-9102-99ED288F840A}.Debug|Any CPU.Build.0 = Debug|Any CPU
		{67AD3E53-CFF1-4148-9102-99ED288F840A}.Release|Any CPU.ActiveCfg = Release|Any CPU
		{67AD3E53-CFF1-4148-9102-99ED288F840A}.Release|Any CPU.Build.0 = Release|Any CPU
		{2B01EA9D-9515-4BEF-80BE-77F04303D7C2}.Debug|Any CPU.ActiveCfg = Debug|Any CPU
		{2B01EA9D-9515-4BEF-80BE-77F04303D7C2}.Debug|Any CPU.Build.0 = Debug|Any CPU
		{2B01EA9D-9515-4BEF-80BE-77F04303D7C2}.Release|Any CPU.ActiveCfg = Release|Any CPU
		{2B01EA9D-9515-4BEF-80BE-77F04303D7C2}.Release|Any CPU.Build.0 = Release|Any CPU
		{C0CD9C31-C532-47E9-BE06-4C732D312C55}.Debug|Any CPU.ActiveCfg = Debug|Any CPU
		{C0CD9C31-C532-47E9-BE06-4C732D312C55}.Debug|Any CPU.Build.0 = Debug|Any CPU
		{C0CD9C31-C532-47E9-BE06-4C732D312C55}.Release|Any CPU.ActiveCfg = Release|Any CPU
		{C0CD9C31-C532-47E9-BE06-4C732D312C55}.Release|Any CPU.Build.0 = Release|Any CPU
		{BA3268B5-1561-4574-A407-903B05F5CA23}.Debug|Any CPU.ActiveCfg = Debug|Any CPU
		{BA3268B5-1561-4574-A407-903B05F5CA23}.Debug|Any CPU.Build.0 = Debug|Any CPU
		{BA3268B5-1561-4574-A407-903B05F5CA23}.Release|Any CPU.ActiveCfg = Release|Any CPU
		{BA3268B5-1561-4574-A407-903B05F5CA23}.Release|Any CPU.Build.0 = Release|Any CPU
		{0D188ECE-E338-4A4D-B1BB-D614599567AE}.Debug|Any CPU.ActiveCfg = Debug|Any CPU
		{0D188ECE-E338-4A4D-B1BB-D614599567AE}.Debug|Any CPU.Build.0 = Debug|Any CPU
		{0D188ECE-E338-4A4D-B1BB-D614599567AE}.Release|Any CPU.ActiveCfg = Release|Any CPU
		{0D188ECE-E338-4A4D-B1BB-D614599567AE}.Release|Any CPU.Build.0 = Release|Any CPU
	EndGlobalSection
	GlobalSection(SolutionProperties) = preSolution
		HideSolutionNode = FALSE
	EndGlobalSection
	GlobalSection(ExtensibilityGlobals) = postSolution
		SolutionGuid = {B1531957-C2C2-4AE6-87EF-A29CD030ACE0}
	EndGlobalSection
EndGlobal
