
Microsoft Visual Studio Solution File, Format Version 12.00
# Visual Studio Version 16
VisualStudioVersion = 16.0.28922.388
MinimumVisualStudioVersion = 10.0.40219.1
Project("{FAE04EC0-301F-11D3-BF4B-00C04F79EFBC}") = "P03CarConstructors", "P03CarConstructors\P03CarConstructors.csproj", "{D7128573-554F-41DC-BEDD-73ACE906EEFC}"
EndProject
Global
	GlobalSection(SolutionConfigurationPlatforms) = preSolution
		Debug|Any CPU = Debug|Any CPU
		Release|Any CPU = Release|Any CPU
	EndGlobalSection
	GlobalSection(ProjectConfigurationPlatforms) = postSolution
		{D7128573-554F-41DC-BEDD-73ACE906EEFC}.Debug|Any CPU.ActiveCfg = Debug|Any CPU
		{D7128573-554F-41DC-BEDD-73ACE906EEFC}.Debug|Any CPU.Build.0 = Debug|Any CPU
		{D7128573-554F-41DC-BEDD-73ACE906EEFC}.Release|Any CPU.ActiveCfg = Release|Any CPU
		{D7128573-554F-41DC-BEDD-73ACE906EEFC}.Release|Any CPU.Build.0 = Release|Any CPU
	EndGlobalSection
	GlobalSection(SolutionProperties) = preSolution
		HideSolutionNode = FALSE
	EndGlobalSection
	GlobalSection(ExtensibilityGlobals) = postSolution
		SolutionGuid = {72FF7737-098F-4333-A085-046B3459550D}
	EndGlobalSection
EndGlobal
