
Microsoft Visual Studio Solution File, Format Version 12.00
# Visual Studio Version 16
VisualStudioVersion = 16.0.29509.3
MinimumVisualStudioVersion = 10.0.40219.1
Project("{FAE04EC0-301F-11D3-BF4B-00C04F79EFBC}") = "SingletonPattern", "SingletonPattern\SingletonPattern.csproj", "{0B0AB962-32A2-4080-B3D3-582E32B1EC6C}"
EndProject
Project("{FAE04EC0-301F-11D3-BF4B-00C04F79EFBC}") = "FacadePattern", "FacadePattern\FacadePattern.csproj", "{BCACDC27-AA86-40CE-8F4B-F569C13D5411}"
EndProject
Project("{FAE04EC0-301F-11D3-BF4B-00C04F79EFBC}") = "CommandPattern", "CommandPattern\CommandPattern.csproj", "{A72BDC52-4433-4C97-932B-2E54F794F231}"
EndProject
Global
	GlobalSection(SolutionConfigurationPlatforms) = preSolution
		Debug|Any CPU = Debug|Any CPU
		Release|Any CPU = Release|Any CPU
	EndGlobalSection
	GlobalSection(ProjectConfigurationPlatforms) = postSolution
		{0B0AB962-32A2-4080-B3D3-582E32B1EC6C}.Debug|Any CPU.ActiveCfg = Debug|Any CPU
		{0B0AB962-32A2-4080-B3D3-582E32B1EC6C}.Debug|Any CPU.Build.0 = Debug|Any CPU
		{0B0AB962-32A2-4080-B3D3-582E32B1EC6C}.Release|Any CPU.ActiveCfg = Release|Any CPU
		{0B0AB962-32A2-4080-B3D3-582E32B1EC6C}.Release|Any CPU.Build.0 = Release|Any CPU
		{BCACDC27-AA86-40CE-8F4B-F569C13D5411}.Debug|Any CPU.ActiveCfg = Debug|Any CPU
		{BCACDC27-AA86-40CE-8F4B-F569C13D5411}.Debug|Any CPU.Build.0 = Debug|Any CPU
		{BCACDC27-AA86-40CE-8F4B-F569C13D5411}.Release|Any CPU.ActiveCfg = Release|Any CPU
		{BCACDC27-AA86-40CE-8F4B-F569C13D5411}.Release|Any CPU.Build.0 = Release|Any CPU
		{A72BDC52-4433-4C97-932B-2E54F794F231}.Debug|Any CPU.ActiveCfg = Debug|Any CPU
		{A72BDC52-4433-4C97-932B-2E54F794F231}.Debug|Any CPU.Build.0 = Debug|Any CPU
		{A72BDC52-4433-4C97-932B-2E54F794F231}.Release|Any CPU.ActiveCfg = Release|Any CPU
		{A72BDC52-4433-4C97-932B-2E54F794F231}.Release|Any CPU.Build.0 = Release|Any CPU
	EndGlobalSection
	GlobalSection(SolutionProperties) = preSolution
		HideSolutionNode = FALSE
	EndGlobalSection
	GlobalSection(ExtensibilityGlobals) = postSolution
		SolutionGuid = {114A139E-0D67-4F37-8059-30E9AB4467C9}
	EndGlobalSection
EndGlobal
