
Microsoft Visual Studio Solution File, Format Version 12.00
# Visual Studio 15
VisualStudioVersion = 15.0.27703.2042
MinimumVisualStudioVersion = 10.0.40219.1
Project("{FAE04EC0-301F-11D3-BF4B-00C04F79EFBC}") = "numberPyramid", "numberPyramid\numberPyramid.csproj", "{A89E6499-6D90-4E6F-9F94-6F86E9DB7C9F}"
EndProject
Project("{FAE04EC0-301F-11D3-BF4B-00C04F79EFBC}") = "numberTable", "numberTable\numberTable.csproj", "{53E368E6-DB24-4426-BCF4-68532D7C533D}"
EndProject
Project("{FAE04EC0-301F-11D3-BF4B-00C04F79EFBC}") = "equalSumEvenOdd", "equalSumEvenOdd\equalSumEvenOdd.csproj", "{55B6293B-F2C1-4688-9F60-F234A9F7921E}"
EndProject
Project("{FAE04EC0-301F-11D3-BF4B-00C04F79EFBC}") = "specialNumbers", "specialNumbers\specialNumbers.csproj", "{C756D3C5-E258-4333-9FA1-2C17AF010B7E}"
EndProject
Project("{FAE04EC0-301F-11D3-BF4B-00C04F79EFBC}") = "password", "password\password.csproj", "{FD256AFC-EC74-4BBA-AA2E-D3F67849FB57}"
EndProject
Project("{FAE04EC0-301F-11D3-BF4B-00C04F79EFBC}") = "shoppingManiac", "shoppingManiac\shoppingManiac.csproj", "{BF3AB78B-E0D3-4D0C-A72F-EFE8BE403B36}"
EndProject
Project("{FAE04EC0-301F-11D3-BF4B-00C04F79EFBC}") = "partyInvitation", "partyInvitation\partyInvitation.csproj", "{DA072D9D-591A-4FB4-811D-B713BF8F4F73}"
EndProject
Project("{FAE04EC0-301F-11D3-BF4B-00C04F79EFBC}") = "fishing", "fishing\fishing.csproj", "{B8601098-322D-48CC-BDDD-6B1B7B517168}"
EndProject
Project("{FAE04EC0-301F-11D3-BF4B-00C04F79EFBC}") = "train", "train\train.csproj", "{1051C4C9-E789-4902-A49C-8484F09442C1}"
EndProject
Project("{FAE04EC0-301F-11D3-BF4B-00C04F79EFBC}") = "matrix", "matrix\matrix.csproj", "{1109584C-2709-4294-B3F0-F5AF87959689}"
EndProject
Project("{FAE04EC0-301F-11D3-BF4B-00C04F79EFBC}") = "coding", "coding\coding.csproj", "{70D726DD-301F-4658-96B9-8C3246385DD2}"
EndProject
Project("{FAE04EC0-301F-11D3-BF4B-00C04F79EFBC}") = "equalSumLeftRight", "equalSumLeftRight\equalSumLeftRight.csproj", "{7446F5E9-A965-457F-8F6C-AF2DF8C3BC40}"
EndProject
Project("{FAE04EC0-301F-11D3-BF4B-00C04F79EFBC}") = "sumPrimeNonPrime", "sumPrimeNonPrime\sumPrimeNonPrime.csproj", "{88CC092F-1B5D-421D-B777-6BC5E23015FB}"
EndProject
Global
	GlobalSection(SolutionConfigurationPlatforms) = preSolution
		Debug|Any CPU = Debug|Any CPU
		Release|Any CPU = Release|Any CPU
	EndGlobalSection
	GlobalSection(ProjectConfigurationPlatforms) = postSolution
		{A89E6499-6D90-4E6F-9F94-6F86E9DB7C9F}.Debug|Any CPU.ActiveCfg = Debug|Any CPU
		{A89E6499-6D90-4E6F-9F94-6F86E9DB7C9F}.Debug|Any CPU.Build.0 = Debug|Any CPU
		{A89E6499-6D90-4E6F-9F94-6F86E9DB7C9F}.Release|Any CPU.ActiveCfg = Release|Any CPU
		{A89E6499-6D90-4E6F-9F94-6F86E9DB7C9F}.Release|Any CPU.Build.0 = Release|Any CPU
		{53E368E6-DB24-4426-BCF4-68532D7C533D}.Debug|Any CPU.ActiveCfg = Debug|Any CPU
		{53E368E6-DB24-4426-BCF4-68532D7C533D}.Debug|Any CPU.Build.0 = Debug|Any CPU
		{53E368E6-DB24-4426-BCF4-68532D7C533D}.Release|Any CPU.ActiveCfg = Release|Any CPU
		{53E368E6-DB24-4426-BCF4-68532D7C533D}.Release|Any CPU.Build.0 = Release|Any CPU
		{55B6293B-F2C1-4688-9F60-F234A9F7921E}.Debug|Any CPU.ActiveCfg = Debug|Any CPU
		{55B6293B-F2C1-4688-9F60-F234A9F7921E}.Debug|Any CPU.Build.0 = Debug|Any CPU
		{55B6293B-F2C1-4688-9F60-F234A9F7921E}.Release|Any CPU.ActiveCfg = Release|Any CPU
		{55B6293B-F2C1-4688-9F60-F234A9F7921E}.Release|Any CPU.Build.0 = Release|Any CPU
		{C756D3C5-E258-4333-9FA1-2C17AF010B7E}.Debug|Any CPU.ActiveCfg = Debug|Any CPU
		{C756D3C5-E258-4333-9FA1-2C17AF010B7E}.Debug|Any CPU.Build.0 = Debug|Any CPU
		{C756D3C5-E258-4333-9FA1-2C17AF010B7E}.Release|Any CPU.ActiveCfg = Release|Any CPU
		{C756D3C5-E258-4333-9FA1-2C17AF010B7E}.Release|Any CPU.Build.0 = Release|Any CPU
		{FD256AFC-EC74-4BBA-AA2E-D3F67849FB57}.Debug|Any CPU.ActiveCfg = Debug|Any CPU
		{FD256AFC-EC74-4BBA-AA2E-D3F67849FB57}.Debug|Any CPU.Build.0 = Debug|Any CPU
		{FD256AFC-EC74-4BBA-AA2E-D3F67849FB57}.Release|Any CPU.ActiveCfg = Release|Any CPU
		{FD256AFC-EC74-4BBA-AA2E-D3F67849FB57}.Release|Any CPU.Build.0 = Release|Any CPU
		{BF3AB78B-E0D3-4D0C-A72F-EFE8BE403B36}.Debug|Any CPU.ActiveCfg = Debug|Any CPU
		{BF3AB78B-E0D3-4D0C-A72F-EFE8BE403B36}.Debug|Any CPU.Build.0 = Debug|Any CPU
		{BF3AB78B-E0D3-4D0C-A72F-EFE8BE403B36}.Release|Any CPU.ActiveCfg = Release|Any CPU
		{BF3AB78B-E0D3-4D0C-A72F-EFE8BE403B36}.Release|Any CPU.Build.0 = Release|Any CPU
		{DA072D9D-591A-4FB4-811D-B713BF8F4F73}.Debug|Any CPU.ActiveCfg = Debug|Any CPU
		{DA072D9D-591A-4FB4-811D-B713BF8F4F73}.Debug|Any CPU.Build.0 = Debug|Any CPU
		{DA072D9D-591A-4FB4-811D-B713BF8F4F73}.Release|Any CPU.ActiveCfg = Release|Any CPU
		{DA072D9D-591A-4FB4-811D-B713BF8F4F73}.Release|Any CPU.Build.0 = Release|Any CPU
		{B8601098-322D-48CC-BDDD-6B1B7B517168}.Debug|Any CPU.ActiveCfg = Debug|Any CPU
		{B8601098-322D-48CC-BDDD-6B1B7B517168}.Debug|Any CPU.Build.0 = Debug|Any CPU
		{B8601098-322D-48CC-BDDD-6B1B7B517168}.Release|Any CPU.ActiveCfg = Release|Any CPU
		{B8601098-322D-48CC-BDDD-6B1B7B517168}.Release|Any CPU.Build.0 = Release|Any CPU
		{1051C4C9-E789-4902-A49C-8484F09442C1}.Debug|Any CPU.ActiveCfg = Debug|Any CPU
		{1051C4C9-E789-4902-A49C-8484F09442C1}.Debug|Any CPU.Build.0 = Debug|Any CPU
		{1051C4C9-E789-4902-A49C-8484F09442C1}.Release|Any CPU.ActiveCfg = Release|Any CPU
		{1051C4C9-E789-4902-A49C-8484F09442C1}.Release|Any CPU.Build.0 = Release|Any CPU
		{1109584C-2709-4294-B3F0-F5AF87959689}.Debug|Any CPU.ActiveCfg = Debug|Any CPU
		{1109584C-2709-4294-B3F0-F5AF87959689}.Debug|Any CPU.Build.0 = Debug|Any CPU
		{1109584C-2709-4294-B3F0-F5AF87959689}.Release|Any CPU.ActiveCfg = Release|Any CPU
		{1109584C-2709-4294-B3F0-F5AF87959689}.Release|Any CPU.Build.0 = Release|Any CPU
		{70D726DD-301F-4658-96B9-8C3246385DD2}.Debug|Any CPU.ActiveCfg = Debug|Any CPU
		{70D726DD-301F-4658-96B9-8C3246385DD2}.Debug|Any CPU.Build.0 = Debug|Any CPU
		{70D726DD-301F-4658-96B9-8C3246385DD2}.Release|Any CPU.ActiveCfg = Release|Any CPU
		{70D726DD-301F-4658-96B9-8C3246385DD2}.Release|Any CPU.Build.0 = Release|Any CPU
		{7446F5E9-A965-457F-8F6C-AF2DF8C3BC40}.Debug|Any CPU.ActiveCfg = Debug|Any CPU
		{7446F5E9-A965-457F-8F6C-AF2DF8C3BC40}.Debug|Any CPU.Build.0 = Debug|Any CPU
		{7446F5E9-A965-457F-8F6C-AF2DF8C3BC40}.Release|Any CPU.ActiveCfg = Release|Any CPU
		{7446F5E9-A965-457F-8F6C-AF2DF8C3BC40}.Release|Any CPU.Build.0 = Release|Any CPU
		{88CC092F-1B5D-421D-B777-6BC5E23015FB}.Debug|Any CPU.ActiveCfg = Debug|Any CPU
		{88CC092F-1B5D-421D-B777-6BC5E23015FB}.Debug|Any CPU.Build.0 = Debug|Any CPU
		{88CC092F-1B5D-421D-B777-6BC5E23015FB}.Release|Any CPU.ActiveCfg = Release|Any CPU
		{88CC092F-1B5D-421D-B777-6BC5E23015FB}.Release|Any CPU.Build.0 = Release|Any CPU
	EndGlobalSection
	GlobalSection(SolutionProperties) = preSolution
		HideSolutionNode = FALSE
	EndGlobalSection
	GlobalSection(ExtensibilityGlobals) = postSolution
		SolutionGuid = {FA44BADC-28FD-4285-AC8B-245423D622EE}
	EndGlobalSection
EndGlobal
